
Microsoft Visual Studio Solution File, Format Version 12.00
# Visual Studio Version 16
VisualStudioVersion = 16.0.29911.84
MinimumVisualStudioVersion = 10.0.40219.1
Project("{FAE04EC0-301F-11D3-BF4B-00C04F79EFBC}") = "CSharpCourse", "CSharpCourse\CSharpCourse.csproj", "{F303E77B-881C-40AC-9BA8-4B431A86AB5A}"
EndProject
Project("{FAE04EC0-301F-11D3-BF4B-00C04F79EFBC}") = "Utils", "Utils\Utils.csproj", "{9F8F0FEC-DF0A-4A40-8A6E-E6F52C83C3D2}"
EndProject
Project("{FAE04EC0-301F-11D3-BF4B-00C04F79EFBC}") = "HomeworkTsveti", "HomeworkTsveti\HomeworkTsveti.csproj", "{44D50315-ADBB-44F1-B9A3-F6D5198EA20E}"
EndProject
Global
	GlobalSection(SolutionConfigurationPlatforms) = preSolution
		Debug|Any CPU = Debug|Any CPU
		Release|Any CPU = Release|Any CPU
	EndGlobalSection
	GlobalSection(ProjectConfigurationPlatforms) = postSolution
		{F303E77B-881C-40AC-9BA8-4B431A86AB5A}.Debug|Any CPU.ActiveCfg = Debug|Any CPU
		{F303E77B-881C-40AC-9BA8-4B431A86AB5A}.Debug|Any CPU.Build.0 = Debug|Any CPU
		{F303E77B-881C-40AC-9BA8-4B431A86AB5A}.Release|Any CPU.ActiveCfg = Release|Any CPU
		{F303E77B-881C-40AC-9BA8-4B431A86AB5A}.Release|Any CPU.Build.0 = Release|Any CPU
		{9F8F0FEC-DF0A-4A40-8A6E-E6F52C83C3D2}.Debug|Any CPU.ActiveCfg = Debug|Any CPU
		{9F8F0FEC-DF0A-4A40-8A6E-E6F52C83C3D2}.Debug|Any CPU.Build.0 = Debug|Any CPU
		{9F8F0FEC-DF0A-4A40-8A6E-E6F52C83C3D2}.Release|Any CPU.ActiveCfg = Release|Any CPU
		{9F8F0FEC-DF0A-4A40-8A6E-E6F52C83C3D2}.Release|Any CPU.Build.0 = Release|Any CPU
		{44D50315-ADBB-44F1-B9A3-F6D5198EA20E}.Debug|Any CPU.ActiveCfg = Debug|Any CPU
		{44D50315-ADBB-44F1-B9A3-F6D5198EA20E}.Debug|Any CPU.Build.0 = Debug|Any CPU
		{44D50315-ADBB-44F1-B9A3-F6D5198EA20E}.Release|Any CPU.ActiveCfg = Release|Any CPU
		{44D50315-ADBB-44F1-B9A3-F6D5198EA20E}.Release|Any CPU.Build.0 = Release|Any CPU
	EndGlobalSection
	GlobalSection(SolutionProperties) = preSolution
		HideSolutionNode = FALSE
	EndGlobalSection
	GlobalSection(ExtensibilityGlobals) = postSolution
		SolutionGuid = {C04A32E5-0512-4556-B15C-A5F3847A7834}
	EndGlobalSection
EndGlobal
